
Microsoft Visual Studio Solution File, Format Version 12.00
# Visual Studio Version 17
VisualStudioVersion = 17.8.34316.72
MinimumVisualStudioVersion = 10.0.40219.1
Project("{FAE04EC0-301F-11D3-BF4B-00C04F79EFBC}") = "Bulky_MVC", "Bulky_MVC\Bulky_MVC.csproj", "{DF65EE1C-B994-43FB-8D63-4B8ED81AB03F}"
EndProject
Global
	GlobalSection(SolutionConfigurationPlatforms) = preSolution
		Debug|Any CPU = Debug|Any CPU
		Release|Any CPU = Release|Any CPU
	EndGlobalSection
	GlobalSection(ProjectConfigurationPlatforms) = postSolution
		{DF65EE1C-B994-43FB-8D63-4B8ED81AB03F}.Debug|Any CPU.ActiveCfg = Debug|Any CPU
		{DF65EE1C-B994-43FB-8D63-4B8ED81AB03F}.Debug|Any CPU.Build.0 = Debug|Any CPU
		{DF65EE1C-B994-43FB-8D63-4B8ED81AB03F}.Release|Any CPU.ActiveCfg = Release|Any CPU
		{DF65EE1C-B994-43FB-8D63-4B8ED81AB03F}.Release|Any CPU.Build.0 = Release|Any CPU
	EndGlobalSection
	GlobalSection(SolutionProperties) = preSolution
		HideSolutionNode = FALSE
	EndGlobalSection
	GlobalSection(ExtensibilityGlobals) = postSolution
		SolutionGuid = {2C008967-5BA9-4F95-88EE-2BE0CE0D8BAD}
	EndGlobalSection
EndGlobal
